
Microsoft Visual Studio Solution File, Format Version 12.00
# Visual Studio Version 17
VisualStudioVersion = 17.4.33205.214
MinimumVisualStudioVersion = 10.0.40219.1
Project("{FAE04EC0-301F-11D3-BF4B-00C04F79EFBC}") = "PDV", "PDV.csproj", "{F8FA2200-0F5F-4097-B2BB-CCE6CF8DCFB3}"
EndProject
Global
	GlobalSection(SolutionConfigurationPlatforms) = preSolution
		Debug|Any CPU = Debug|Any CPU
		Release|Any CPU = Release|Any CPU
	EndGlobalSection
	GlobalSection(ProjectConfigurationPlatforms) = postSolution
		{F8FA2200-0F5F-4097-B2BB-CCE6CF8DCFB3}.Debug|Any CPU.ActiveCfg = Debug|Any CPU
		{F8FA2200-0F5F-4097-B2BB-CCE6CF8DCFB3}.Debug|Any CPU.Build.0 = Debug|Any CPU
		{F8FA2200-0F5F-4097-B2BB-CCE6CF8DCFB3}.Release|Any CPU.ActiveCfg = Release|Any CPU
		{F8FA2200-0F5F-4097-B2BB-CCE6CF8DCFB3}.Release|Any CPU.Build.0 = Release|Any CPU
	EndGlobalSection
	GlobalSection(SolutionProperties) = preSolution
		HideSolutionNode = FALSE
	EndGlobalSection
	GlobalSection(ExtensibilityGlobals) = postSolution
		SolutionGuid = {C3E21805-9D3D-4CE1-9059-EB749F131D65}
	EndGlobalSection
EndGlobal
